
Microsoft Visual Studio Solution File, Format Version 12.00
Project("{FAE04EC0-301F-11D3-BF4B-00C04F79EFBC}") = "CookieTestWebServer", "CookieTestWebServer.csproj", "{C7FBAF17-4267-41B7-B268-AA13CF54CE4F}"
EndProject
Global
	GlobalSection(SolutionConfigurationPlatforms) = preSolution
		Debug|Any CPU = Debug|Any CPU
		Release|Any CPU = Release|Any CPU
	EndGlobalSection
	GlobalSection(ProjectConfigurationPlatforms) = postSolution
		{C7FBAF17-4267-41B7-B268-AA13CF54CE4F}.Debug|Any CPU.ActiveCfg = Debug|Any CPU
		{C7FBAF17-4267-41B7-B268-AA13CF54CE4F}.Debug|Any CPU.Build.0 = Debug|Any CPU
		{C7FBAF17-4267-41B7-B268-AA13CF54CE4F}.Release|Any CPU.ActiveCfg = Release|Any CPU
		{C7FBAF17-4267-41B7-B268-AA13CF54CE4F}.Release|Any CPU.Build.0 = Release|Any CPU
	EndGlobalSection
EndGlobal
